{
  "version": 4,
  "terraform_version": "0.12.31",
  "serial": 137,
  "lineage": "431159f0-4725-9317-9548-26913620c17d",
  "outputs": {},
  "resources": [
    {
      "mode": "data",
      "type": "google_client_config",
      "name": "default",
      "provider": "provider.google",
      "instances": [
        {
          "schema_version": 0,
          "attributes": {
            "access_token": "ya29.c.c0AY_VpZigYFS7HqcpB2TQRMJmLA9NJRZ6lkTmJrI4wdvTcCCPYLA6BSgJbS094zRN5dh_0U68yrGXqJB4A8piRt5FsitN2He2WMdU_tVqE7UrwyqwroHlIYPNkX0y_m5AFSQraH1aEnK0P4ClQ-2dXet9euDRFnlg3TV2APoKo1ygPPlmPXhjFrsxvxpCakbvHAhm3slA06ZhgqG7hRurvLuu-fzYsGVpxL2Tvqk8b7CzEMrWxqitHtdzARJeaxdraXnPVzjwWtxJKk-MhxgnO427vmuIjK_GaN5HfxT7sJDcNrn4bLB61_XzZFCsg9xfPiHOwaDj1qfRJmKN7DiNCQz5TK0j9BwK4hFS4S0f8sAK5Fv2pXzAcIfaUO7arzf1jt9zh8EG400CsiunubeeSwmvvk6O31Mhas4X86MX6-J_MI5idQUw-ku5eak0o0Vokiyss62S3bJe1wl_hyiUSw4UyYQO6i67l2tsx5jiZXZihtJ4mOl-bsgO2-qqQjk0d5y1XiX2mdfpWV8nwnF6sr9U59vOFXbZeZ5aIZizoF07xl4QRYXkxWQbr0XS0t0jZB2low51iRVyZtMbiSOU9hFtp4s2Ff4c2Zuv_Yaop3c4g-2jqX0UBVUIzJMiYtyJb1amoQflzem8i5j4l8qRx21hd4Owy7orgRh6y19RfR5v0Wzsjfpk5tO_4wx4u-uqhhgasQcoMx8azmkJVpqh5vtk539IWiaz3s2z_pp5fySM_i_8l72Vui-hhnJRkjuV-X65f4q6MzqiB1ZryrW3QaQki2J4Y7mcXUvev9k3jaSq0mzb1BiaZZ419IrhVv_qc48w1XFmjbQzqZVjJgoIFwojSs3rWavroXfvMYxvc5rvccVR4IBhiXzlxvJiJR38v_ia7-Xk7oUBU862UXOi3162Ws_WqfkYmqz-UxU8lUj0krkUcfqwnFirZU8ezrsX1cqS2l__UbbOcegjqoB1RQ40n_k4eZ3yxkZ7uZs9t_-2MeaqemOwIlv",
            "id": "projects/airy-runway-128422/regions/us-central1/zones/",
            "project": "airy-runway-128422",
            "region": "us-central1",
            "zone": ""
          }
        }
      ]
    },
    {
      "mode": "managed",
      "type": "google_container_cluster",
      "name": "primary",
      "provider": "provider.google",
      "instances": [
        {
          "schema_version": 1,
          "attributes": {
            "addons_config": [
              {
                "cloudrun_config": [],
                "horizontal_pod_autoscaling": [],
                "http_load_balancing": [],
                "network_policy_config": [
                  {
                    "disabled": true
                  }
                ]
              }
            ],
            "authenticator_groups_config": [],
            "cluster_autoscaling": [
              {
                "auto_provisioning_defaults": [],
                "enabled": false,
                "resource_limits": []
              }
            ],
            "cluster_ipv4_cidr": "10.64.0.0/14",
            "database_encryption": [
              {
                "key_name": "",
                "state": "DECRYPTED"
              }
            ],
            "datapath_provider": "",
            "default_max_pods_per_node": 110,
            "default_snat_status": [
              {
                "disabled": false
              }
            ],
            "description": "",
            "enable_autopilot": false,
            "enable_binary_authorization": false,
            "enable_intranode_visibility": false,
            "enable_kubernetes_alpha": false,
            "enable_legacy_abac": false,
            "enable_shielded_nodes": false,
            "enable_tpu": false,
            "endpoint": "35.192.164.223",
            "id": "projects/airy-runway-128422/locations/us-central1/clusters/primary-cluster",
            "initial_node_count": 3,
            "instance_group_urls": [
              "https://www.googleapis.com/compute/v1/projects/airy-runway-128422/zones/us-central1-c/instanceGroups/gke-primary-cluster-default-pool-bbb125f5-grp",
              "https://www.googleapis.com/compute/v1/projects/airy-runway-128422/zones/us-central1-a/instanceGroups/gke-primary-cluster-default-pool-0156408f-grp",
              "https://www.googleapis.com/compute/v1/projects/airy-runway-128422/zones/us-central1-b/instanceGroups/gke-primary-cluster-default-pool-bddca68a-grp",
              "https://www.googleapis.com/compute/v1/projects/airy-runway-128422/zones/us-central1-c/instanceGroups/gke-primary-cluster-terraform-2024060-57f04822-grp",
              "https://www.googleapis.com/compute/v1/projects/airy-runway-128422/zones/us-central1-a/instanceGroups/gke-primary-cluster-terraform-2024060-a3a51480-grp",
              "https://www.googleapis.com/compute/v1/projects/airy-runway-128422/zones/us-central1-b/instanceGroups/gke-primary-cluster-terraform-2024060-1a4c2912-grp"
            ],
            "ip_allocation_policy": [
              {
                "cluster_ipv4_cidr_block": "10.64.0.0/14",
                "cluster_secondary_range_name": "gke-primary-cluster-pods-e325c1da",
                "services_ipv4_cidr_block": "10.17.0.0/20",
                "services_secondary_range_name": "gke-primary-cluster-services-e325c1da"
              }
            ],
            "label_fingerprint": "a9dc16a7",
            "location": "us-central1",
            "logging_config": [
              {
                "enable_components": [
                  "SYSTEM_COMPONENTS",
                  "WORKLOADS"
                ]
              }
            ],
            "logging_service": "logging.googleapis.com/kubernetes",
            "maintenance_policy": [],
            "master_auth": [
              {
                "client_certificate": "",
                "client_certificate_config": [
                  {
                    "issue_client_certificate": false
                  }
                ],
                "client_key": "",
                "cluster_ca_certificate": "LS0tLS1CRUdJTiBDRVJUSUZJQ0FURS0tLS0tCk1JSUVMVENDQXBXZ0F3SUJBZ0lSQVBOZWpvOFM3T1d4RGJtSW5NTjFxRFV3RFFZSktvWklodmNOQVFFTEJRQXcKTHpFdE1Dc0dBMVVFQXhNa1pqTTNZVEJsTW1FdE5UQXhOQzAwWVRBeUxUa3laVGN0TkRrellqZGtZVEl4WlRWbQpNQ0FYRFRJME1EWXdNekF6TWpRMU4xb1lEekl3TlRRd05USTNNRFF5TkRVM1dqQXZNUzB3S3dZRFZRUURFeVJtCk16ZGhNR1V5WVMwMU1ERTBMVFJoTURJdE9USmxOeTAwT1ROaU4yUmhNakZsTldZd2dnR2lNQTBHQ1NxR1NJYjMKRFFFQkFRVUFBNElCandBd2dnR0tBb0lCZ1FDbG55dnI2WHpiYXVuZ29uaVRWVGtPWXRnNTFPZlc4bjQ0MGFaOApsRTgzeGlxNTFVUVdjR05ETFNKVHV6UFpsZy9IUXdpNWxKME55UmgrREFkbzNXRnVCZHRYcU1WRUdqSmlNR2tZCmhGYWNlSGdpU3JxakMydXlGUEJrZG1WaEtHMkNFcTg0TnBLTitERDZHd3ovTUo4Y0drbExyMzFYUzhkSHFOT2cKY1RNWTVMMDNNeWpOZHdpaFpKVmxuUkRCemJUMkxqV1RVWXJFUEJMclhtY1BSRTRmN01YZlB2NEs4TnU2dkxlRApzSWJhNCtPbmVTVHl2WFlvdXdGQnAzM2s2Z2RPL2Q1TzZqQXFSQWVqV25US0pLVW1iK0RBR3J6RmF3a2g5MlR3ClRoZkZCNlMyVis5dDlDOEZpc2VSTlhuYnZZTG02Vy9CaDJweW9pZHlBWktZSjV5TFdnNGJtdTRlRGNMUEpRZGYKV2RIOWgxa2pwenFHTUtXeEcyZ0tJZ1RwUHhWZ3daMklSUnkyV052NEFVTW1FUlg1SGJzandxSVVoSnBPL0NONQpxL1BsK1h0TTlEVXRGcFdZTHVPMHI5a2l6dUpjdGdoNEdMODdPNmhPd3pwUnMyTndYbnpudSs3QlI4UWlzUnU1CmhxYXVPcno5VXhnSDkwZHg0U0Y5VE1NMytzRUNBd0VBQWFOQ01FQXdEZ1lEVlIwUEFRSC9CQVFEQWdJRU1BOEcKQTFVZEV3RUIvd1FGTUFNQkFmOHdIUVlEVlIwT0JCWUVGTUN3SUluTnhwY1g3ZVc5dzQwc0xQRnBMWGJDTUEwRwpDU3FHU0liM0RRRUJDd1VBQTRJQmdRQnc5RWF1QWpRc2F4SXF1K1RJaVdQS2dPaXVBRDgxZ3FzLzM3SnhGM0RyClNXeGhBQXRNSmdST3JORUNGU0FWdHdLM1NPdFRGRUJMZ0NJRXBvQmJDU2JaM3hhK205czBzUDRrc3NjUVVhc0cKWkM2cG96QVNJbzFTZUtZVVVKRTdlUXE4ZDEvTFpiaGpzU2VpeVE5bUFKbnJJZFBka2g1ZjdBbmorM0ZWejV3UQpxNHJrR016VkRDOU93WlJWRHZCSlFYM2wrMDJkbzZYdmdDa0ltMGphd1BSQmJ3d2JnK1JOVVEydTZRd21uUDlYCmFrbjVKMmJnRnZFcmlQbXVWZ3NEQjlpZHhkN0VITDhiTi9ZdlNIWk9DL0NMbnhxUm12R0dCVzkybU9JNnp0K0oKUXZTRUdueGhITFlHL2FsMlNnelYzT1gwQjJCS3RtSHZtWXEzV0tGc3pFaEVVNE1TbFBtZ1dYR1pickllM0UrUQowUCtwMG5rVjFUbWNRbkVSOUZFWGFIZlNzSCtMbXFDODFlNTc5WnU0UmhTN0NYcWVmV3pXaEl0b2ZYa2YyUWJKCjR4YndkS0FSVHV0Zi95Ynp5THZOV3FFdU9qajZ0Z1FmM2l0YU5vSFNNTzFFM05RNGtWVkJFcHp4dFh3akZNS0cKbkdTSGZiQldDa0hKUXBBUjU0RVJkY0U9Ci0tLS0tRU5EIENFUlRJRklDQVRFLS0tLS0K",
                "password": "",
                "username": ""
              }
            ],
            "master_authorized_networks_config": [],
            "master_version": "1.28.9-gke.1000000",
            "min_master_version": null,
            "monitoring_config": [
              {
                "enable_components": [
                  "SYSTEM_COMPONENTS"
                ]
              }
            ],
            "monitoring_service": "monitoring.googleapis.com/kubernetes",
            "name": "primary-cluster",
            "network": "projects/airy-runway-128422/global/networks/default",
            "network_policy": [
              {
                "enabled": false,
                "provider": "PROVIDER_UNSPECIFIED"
              }
            ],
            "networking_mode": "VPC_NATIVE",
            "node_config": [
              {
                "disk_size_gb": 50,
                "disk_type": "pd-balanced",
                "guest_accelerator": [],
                "image_type": "COS_CONTAINERD",
                "labels": {},
                "local_ssd_count": 0,
                "machine_type": "n1-standard-1",
                "metadata": {
                  "disable-legacy-endpoints": "true"
                },
                "min_cpu_platform": "",
                "oauth_scopes": [
                  "https://www.googleapis.com/auth/devstorage.read_only",
                  "https://www.googleapis.com/auth/logging.write",
                  "https://www.googleapis.com/auth/monitoring",
                  "https://www.googleapis.com/auth/service.management.readonly",
                  "https://www.googleapis.com/auth/servicecontrol",
                  "https://www.googleapis.com/auth/trace.append"
                ],
                "preemptible": false,
                "service_account": "default",
                "shielded_instance_config": [
                  {
                    "enable_integrity_monitoring": true,
                    "enable_secure_boot": false
                  }
                ],
                "tags": [],
                "taint": [],
                "workload_metadata_config": []
              }
            ],
            "node_locations": [
              "us-central1-a",
              "us-central1-b",
              "us-central1-c"
            ],
            "node_pool": [
              {
                "autoscaling": [],
                "initial_node_count": 3,
                "instance_group_urls": [
                  "https://www.googleapis.com/compute/v1/projects/airy-runway-128422/zones/us-central1-c/instanceGroupManagers/gke-primary-cluster-default-pool-bbb125f5-grp",
                  "https://www.googleapis.com/compute/v1/projects/airy-runway-128422/zones/us-central1-a/instanceGroupManagers/gke-primary-cluster-default-pool-0156408f-grp",
                  "https://www.googleapis.com/compute/v1/projects/airy-runway-128422/zones/us-central1-b/instanceGroupManagers/gke-primary-cluster-default-pool-bddca68a-grp"
                ],
                "management": [
                  {
                    "auto_repair": true,
                    "auto_upgrade": true
                  }
                ],
                "max_pods_per_node": 110,
                "name": "default-pool",
                "name_prefix": "",
                "node_config": [
                  {
                    "disk_size_gb": 50,
                    "disk_type": "pd-balanced",
                    "guest_accelerator": [],
                    "image_type": "COS_CONTAINERD",
                    "labels": {},
                    "local_ssd_count": 0,
                    "machine_type": "n1-standard-1",
                    "metadata": {
                      "disable-legacy-endpoints": "true"
                    },
                    "min_cpu_platform": "",
                    "oauth_scopes": [
                      "https://www.googleapis.com/auth/devstorage.read_only",
                      "https://www.googleapis.com/auth/logging.write",
                      "https://www.googleapis.com/auth/monitoring",
                      "https://www.googleapis.com/auth/service.management.readonly",
                      "https://www.googleapis.com/auth/servicecontrol",
                      "https://www.googleapis.com/auth/trace.append"
                    ],
                    "preemptible": false,
                    "service_account": "default",
                    "shielded_instance_config": [
                      {
                        "enable_integrity_monitoring": true,
                        "enable_secure_boot": false
                      }
                    ],
                    "tags": [],
                    "taint": [],
                    "workload_metadata_config": []
                  }
                ],
                "node_count": 3,
                "node_locations": [
                  "us-central1-a",
                  "us-central1-b",
                  "us-central1-c"
                ],
                "upgrade_settings": [
                  {
                    "max_surge": 1,
                    "max_unavailable": 0
                  }
                ],
                "version": "1.28.9-gke.1000000"
              },
              {
                "autoscaling": [],
                "initial_node_count": 3,
                "instance_group_urls": [
                  "https://www.googleapis.com/compute/v1/projects/airy-runway-128422/zones/us-central1-c/instanceGroupManagers/gke-primary-cluster-terraform-2024060-57f04822-grp",
                  "https://www.googleapis.com/compute/v1/projects/airy-runway-128422/zones/us-central1-a/instanceGroupManagers/gke-primary-cluster-terraform-2024060-a3a51480-grp",
                  "https://www.googleapis.com/compute/v1/projects/airy-runway-128422/zones/us-central1-b/instanceGroupManagers/gke-primary-cluster-terraform-2024060-1a4c2912-grp"
                ],
                "management": [
                  {
                    "auto_repair": true,
                    "auto_upgrade": true
                  }
                ],
                "max_pods_per_node": 110,
                "name": "terraform-20240603043025573300000001",
                "name_prefix": "",
                "node_config": [
                  {
                    "disk_size_gb": 50,
                    "disk_type": "pd-balanced",
                    "guest_accelerator": [],
                    "image_type": "COS_CONTAINERD",
                    "labels": {},
                    "local_ssd_count": 0,
                    "machine_type": "n1-standard-1",
                    "metadata": {
                      "disable-legacy-endpoints": "true"
                    },
                    "min_cpu_platform": "",
                    "oauth_scopes": [
                      "https://www.googleapis.com/auth/cloud-platform"
                    ],
                    "preemptible": true,
                    "service_account": "default",
                    "shielded_instance_config": [
                      {
                        "enable_integrity_monitoring": true,
                        "enable_secure_boot": false
                      }
                    ],
                    "tags": [],
                    "taint": [],
                    "workload_metadata_config": []
                  }
                ],
                "node_count": 3,
                "node_locations": [
                  "us-central1-a",
                  "us-central1-b",
                  "us-central1-c"
                ],
                "upgrade_settings": [
                  {
                    "max_surge": 1,
                    "max_unavailable": 0
                  }
                ],
                "version": "1.28.9-gke.1000000"
              }
            ],
            "node_version": "1.28.9-gke.1000000",
            "operation": null,
            "pod_security_policy_config": [],
            "private_cluster_config": [
              {
                "enable_private_endpoint": false,
                "enable_private_nodes": false,
                "master_global_access_config": [
                  {
                    "enabled": false
                  }
                ],
                "master_ipv4_cidr_block": "",
                "peering_name": "",
                "private_endpoint": "10.128.0.11",
                "public_endpoint": "35.192.164.223"
              }
            ],
            "private_ipv6_google_access": "",
            "project": "airy-runway-128422",
            "release_channel": [
              {
                "channel": "REGULAR"
              }
            ],
            "remove_default_node_pool": null,
            "resource_labels": {},
            "resource_usage_export_config": [],
            "self_link": "https://container.googleapis.com/v1beta1/projects/airy-runway-128422/locations/us-central1/clusters/primary-cluster",
            "services_ipv4_cidr": "10.17.0.0/20",
            "subnetwork": "projects/airy-runway-128422/regions/us-central1/subnetworks/default",
            "timeouts": null,
            "tpu_ipv4_cidr_block": "",
            "vertical_pod_autoscaling": [],
            "workload_identity_config": []
          },
          "private": "eyJlMmJmYjczMC1lY2FhLTExZTYtOGY4OC0zNDM2M2JjN2M0YzAiOnsiY3JlYXRlIjoyNDAwMDAwMDAwMDAwLCJkZWxldGUiOjI0MDAwMDAwMDAwMDAsInJlYWQiOjI0MDAwMDAwMDAwMDAsInVwZGF0ZSI6MzYwMDAwMDAwMDAwMH0sInNjaGVtYV92ZXJzaW9uIjoiMSJ9"
        }
      ]
    },
    {
      "mode": "managed",
      "type": "google_container_node_pool",
      "name": "primary_nodes",
      "provider": "provider.google",
      "instances": [
        {
          "schema_version": 1,
          "attributes": {
            "autoscaling": [],
            "cluster": "primary-cluster",
            "id": "projects/airy-runway-128422/locations/us-central1/clusters/primary-cluster/nodePools/terraform-20240603043025573300000001",
            "initial_node_count": 3,
            "instance_group_urls": [
              "https://www.googleapis.com/compute/v1/projects/airy-runway-128422/zones/us-central1-c/instanceGroupManagers/gke-primary-cluster-terraform-2024060-57f04822-grp",
              "https://www.googleapis.com/compute/v1/projects/airy-runway-128422/zones/us-central1-a/instanceGroupManagers/gke-primary-cluster-terraform-2024060-a3a51480-grp",
              "https://www.googleapis.com/compute/v1/projects/airy-runway-128422/zones/us-central1-b/instanceGroupManagers/gke-primary-cluster-terraform-2024060-1a4c2912-grp"
            ],
            "location": "us-central1",
            "management": [
              {
                "auto_repair": true,
                "auto_upgrade": true
              }
            ],
            "max_pods_per_node": 110,
            "name": "terraform-20240603043025573300000001",
            "name_prefix": "",
            "node_config": [
              {
                "disk_size_gb": 50,
                "disk_type": "pd-balanced",
                "guest_accelerator": [],
                "image_type": "COS_CONTAINERD",
                "labels": {},
                "local_ssd_count": 0,
                "machine_type": "n1-standard-1",
                "metadata": {
                  "disable-legacy-endpoints": "true"
                },
                "min_cpu_platform": "",
                "oauth_scopes": [
                  "https://www.googleapis.com/auth/cloud-platform"
                ],
                "preemptible": true,
                "service_account": "default",
                "shielded_instance_config": [
                  {
                    "enable_integrity_monitoring": true,
                    "enable_secure_boot": false
                  }
                ],
                "tags": [],
                "taint": [],
                "workload_metadata_config": []
              }
            ],
            "node_count": 3,
            "node_locations": [
              "us-central1-a",
              "us-central1-b",
              "us-central1-c"
            ],
            "operation": null,
            "project": "airy-runway-128422",
            "timeouts": null,
            "upgrade_settings": [
              {
                "max_surge": 1,
                "max_unavailable": 0
              }
            ],
            "version": "1.28.9-gke.1000000"
          },
          "private": "eyJlMmJmYjczMC1lY2FhLTExZTYtOGY4OC0zNDM2M2JjN2M0YzAiOnsiY3JlYXRlIjoxODAwMDAwMDAwMDAwLCJkZWxldGUiOjE4MDAwMDAwMDAwMDAsInVwZGF0ZSI6MTgwMDAwMDAwMDAwMH0sInNjaGVtYV92ZXJzaW9uIjoiMSJ9",
          "dependencies": [
            "google_container_cluster.primary"
          ]
        }
      ]
    },
    {
      "mode": "managed",
      "type": "kubernetes_deployment",
      "name": "iot_simulator",
      "provider": "provider.kubernetes",
      "instances": [
        {
          "schema_version": 0,
          "attributes": {
            "id": "iot-namespace/iot-simulator",
            "metadata": [
              {
                "annotations": null,
                "generate_name": "",
                "generation": 1,
                "labels": null,
                "name": "iot-simulator",
                "namespace": "iot-namespace",
                "resource_version": "1870296",
                "self_link": "",
                "uid": "38513334-3808-43ec-a263-b07027dec196"
              }
            ],
            "spec": [
              {
                "min_ready_seconds": 0,
                "paused": false,
                "progress_deadline_seconds": 600,
                "replicas": 1,
                "revision_history_limit": 10,
                "selector": [
                  {
                    "match_expressions": [],
                    "match_labels": {
                      "app": "iot-simulator"
                    }
                  }
                ],
                "strategy": [
                  {
                    "rolling_update": [
                      {
                        "max_surge": "25%",
                        "max_unavailable": "25%"
                      }
                    ],
                    "type": "RollingUpdate"
                  }
                ],
                "template": [
                  {
                    "metadata": [
                      {
                        "annotations": null,
                        "generate_name": "",
                        "generation": 0,
                        "labels": {
                          "app": "iot-simulator"
                        },
                        "name": "",
                        "namespace": "",
                        "resource_version": "",
                        "self_link": "",
                        "uid": ""
                      }
                    ],
                    "spec": [
                      {
                        "active_deadline_seconds": 0,
                        "affinity": [],
                        "automount_service_account_token": false,
                        "container": [
                          {
                            "args": null,
                            "command": null,
                            "env": [
                              {
                                "name": "KAFKA_BOOTSTRAP_SERVERS",
                                "value": "kafka-service:9092",
                                "value_from": []
                              }
                            ],
                            "env_from": [],
                            "image": "gcr.io/airy-runway-128422/iot-simulator:latest",
                            "image_pull_policy": "Always",
                            "lifecycle": [],
                            "liveness_probe": [],
                            "name": "iot-simulator",
                            "port": [],
                            "readiness_probe": [],
                            "resources": [
                              {
                                "limits": null,
                                "requests": null
                              }
                            ],
                            "security_context": [],
                            "startup_probe": [],
                            "stdin": false,
                            "stdin_once": false,
                            "termination_message_path": "/dev/termination-log",
                            "termination_message_policy": "File",
                            "tty": false,
                            "volume_mount": [],
                            "working_dir": ""
                          }
                        ],
                        "dns_config": [],
                        "dns_policy": "ClusterFirst",
                        "enable_service_links": true,
                        "host_aliases": [],
                        "host_ipc": false,
                        "host_network": false,
                        "host_pid": false,
                        "hostname": "",
                        "image_pull_secrets": [],
                        "init_container": [],
                        "node_name": "",
                        "node_selector": null,
                        "priority_class_name": "",
                        "readiness_gate": [],
                        "restart_policy": "Always",
                        "security_context": [],
                        "service_account_name": "",
                        "share_process_namespace": false,
                        "subdomain": "",
                        "termination_grace_period_seconds": 30,
                        "toleration": [],
                        "volume": []
                      }
                    ]
                  }
                ]
              }
            ],
            "timeouts": null,
            "wait_for_rollout": true
          },
          "private": "eyJlMmJmYjczMC1lY2FhLTExZTYtOGY4OC0zNDM2M2JjN2M0YzAiOnsiY3JlYXRlIjo2MDAwMDAwMDAwMDAsImRlbGV0ZSI6NjAwMDAwMDAwMDAwLCJ1cGRhdGUiOjYwMDAwMDAwMDAwMH19",
          "dependencies": [
            "google_container_cluster.primary",
            "kubernetes_namespace.iot"
          ]
        }
      ]
    },
    {
      "mode": "managed",
      "type": "kubernetes_deployment",
      "name": "kafka",
      "provider": "provider.kubernetes",
      "instances": [
        {
          "schema_version": 0,
          "attributes": {
            "id": "iot-namespace/kafka",
            "metadata": [
              {
                "annotations": null,
                "generate_name": "",
                "generation": 1,
                "labels": {
                  "app": "kafka"
                },
                "name": "kafka",
                "namespace": "iot-namespace",
                "resource_version": "1870357",
                "self_link": "",
                "uid": "680bc62d-a909-4fc9-acdf-1c455c00e513"
              }
            ],
            "spec": [
              {
                "min_ready_seconds": 0,
                "paused": false,
                "progress_deadline_seconds": 600,
                "replicas": 1,
                "revision_history_limit": 10,
                "selector": [
                  {
                    "match_expressions": [],
                    "match_labels": {
                      "app": "kafka"
                    }
                  }
                ],
                "strategy": [
                  {
                    "rolling_update": [
                      {
                        "max_surge": "25%",
                        "max_unavailable": "25%"
                      }
                    ],
                    "type": "RollingUpdate"
                  }
                ],
                "template": [
                  {
                    "metadata": [
                      {
                        "annotations": null,
                        "generate_name": "",
                        "generation": 0,
                        "labels": {
                          "app": "kafka"
                        },
                        "name": "",
                        "namespace": "",
                        "resource_version": "",
                        "self_link": "",
                        "uid": ""
                      }
                    ],
                    "spec": [
                      {
                        "active_deadline_seconds": 0,
                        "affinity": [],
                        "automount_service_account_token": false,
                        "container": [
                          {
                            "args": null,
                            "command": null,
                            "env": [
                              {
                                "name": "KAFKA_ZOOKEEPER_CONNECT",
                                "value": "zookeeper-service:2181",
                                "value_from": []
                              },
                              {
                                "name": "KAFKA_ADVERTISED_LISTENERS",
                                "value": "PLAINTEXT://kafka-service:9092",
                                "value_from": []
                              },
                              {
                                "name": "KAFKA_LISTENERS",
                                "value": "PLAINTEXT://0.0.0.0:9092",
                                "value_from": []
                              },
                              {
                                "name": "KAFKA_DEFAULT_REPLICATION_FACTOR",
                                "value": "1",
                                "value_from": []
                              },
                              {
                                "name": "KAFKA_MIN_INSYNC_REPLICAS",
                                "value": "1",
                                "value_from": []
                              }
                            ],
                            "env_from": [],
                            "image": "confluentinc/cp-kafka:latest",
                            "image_pull_policy": "Always",
                            "lifecycle": [],
                            "liveness_probe": [],
                            "name": "kafka",
                            "port": [
                              {
                                "container_port": 9092,
                                "host_ip": "",
                                "host_port": 0,
                                "name": "",
                                "protocol": "TCP"
                              }
                            ],
                            "readiness_probe": [],
                            "resources": [
                              {
                                "limits": null,
                                "requests": null
                              }
                            ],
                            "security_context": [],
                            "startup_probe": [],
                            "stdin": false,
                            "stdin_once": false,
                            "termination_message_path": "/dev/termination-log",
                            "termination_message_policy": "File",
                            "tty": false,
                            "volume_mount": [],
                            "working_dir": ""
                          }
                        ],
                        "dns_config": [],
                        "dns_policy": "ClusterFirst",
                        "enable_service_links": true,
                        "host_aliases": [],
                        "host_ipc": false,
                        "host_network": false,
                        "host_pid": false,
                        "hostname": "",
                        "image_pull_secrets": [],
                        "init_container": [],
                        "node_name": "",
                        "node_selector": null,
                        "priority_class_name": "",
                        "readiness_gate": [],
                        "restart_policy": "Always",
                        "security_context": [],
                        "service_account_name": "",
                        "share_process_namespace": false,
                        "subdomain": "",
                        "termination_grace_period_seconds": 30,
                        "toleration": [],
                        "volume": []
                      }
                    ]
                  }
                ]
              }
            ],
            "timeouts": null,
            "wait_for_rollout": true
          },
          "private": "eyJlMmJmYjczMC1lY2FhLTExZTYtOGY4OC0zNDM2M2JjN2M0YzAiOnsiY3JlYXRlIjo2MDAwMDAwMDAwMDAsImRlbGV0ZSI6NjAwMDAwMDAwMDAwLCJ1cGRhdGUiOjYwMDAwMDAwMDAwMH19",
          "dependencies": [
            "google_container_cluster.primary",
            "kubernetes_namespace.iot"
          ]
        }
      ]
    },
    {
      "mode": "managed",
      "type": "kubernetes_deployment",
      "name": "zookeeper",
      "provider": "provider.kubernetes",
      "instances": [
        {
          "schema_version": 0,
          "attributes": {
            "id": "iot-namespace/zookeeper",
            "metadata": [
              {
                "annotations": null,
                "generate_name": "",
                "generation": 1,
                "labels": null,
                "name": "zookeeper",
                "namespace": "iot-namespace",
                "resource_version": "1870282",
                "self_link": "",
                "uid": "752841cc-dde9-4b60-bae1-0f669e2b6c71"
              }
            ],
            "spec": [
              {
                "min_ready_seconds": 0,
                "paused": false,
                "progress_deadline_seconds": 600,
                "replicas": 1,
                "revision_history_limit": 10,
                "selector": [
                  {
                    "match_expressions": [],
                    "match_labels": {
                      "app": "zookeeper"
                    }
                  }
                ],
                "strategy": [
                  {
                    "rolling_update": [
                      {
                        "max_surge": "25%",
                        "max_unavailable": "25%"
                      }
                    ],
                    "type": "RollingUpdate"
                  }
                ],
                "template": [
                  {
                    "metadata": [
                      {
                        "annotations": null,
                        "generate_name": "",
                        "generation": 0,
                        "labels": {
                          "app": "zookeeper"
                        },
                        "name": "",
                        "namespace": "",
                        "resource_version": "",
                        "self_link": "",
                        "uid": ""
                      }
                    ],
                    "spec": [
                      {
                        "active_deadline_seconds": 0,
                        "affinity": [],
                        "automount_service_account_token": false,
                        "container": [
                          {
                            "args": null,
                            "command": null,
                            "env": [
                              {
                                "name": "ZOOKEEPER_CLIENT_PORT",
                                "value": "2181",
                                "value_from": []
                              }
                            ],
                            "env_from": [],
                            "image": "confluentinc/cp-zookeeper:latest",
                            "image_pull_policy": "Always",
                            "lifecycle": [],
                            "liveness_probe": [],
                            "name": "zookeeper",
                            "port": [
                              {
                                "container_port": 2181,
                                "host_ip": "",
                                "host_port": 0,
                                "name": "",
                                "protocol": "TCP"
                              }
                            ],
                            "readiness_probe": [],
                            "resources": [
                              {
                                "limits": null,
                                "requests": null
                              }
                            ],
                            "security_context": [],
                            "startup_probe": [],
                            "stdin": false,
                            "stdin_once": false,
                            "termination_message_path": "/dev/termination-log",
                            "termination_message_policy": "File",
                            "tty": false,
                            "volume_mount": [],
                            "working_dir": ""
                          }
                        ],
                        "dns_config": [],
                        "dns_policy": "ClusterFirst",
                        "enable_service_links": true,
                        "host_aliases": [],
                        "host_ipc": false,
                        "host_network": false,
                        "host_pid": false,
                        "hostname": "",
                        "image_pull_secrets": [],
                        "init_container": [],
                        "node_name": "",
                        "node_selector": null,
                        "priority_class_name": "",
                        "readiness_gate": [],
                        "restart_policy": "Always",
                        "security_context": [],
                        "service_account_name": "",
                        "share_process_namespace": false,
                        "subdomain": "",
                        "termination_grace_period_seconds": 30,
                        "toleration": [],
                        "volume": []
                      }
                    ]
                  }
                ]
              }
            ],
            "timeouts": null,
            "wait_for_rollout": true
          },
          "private": "eyJlMmJmYjczMC1lY2FhLTExZTYtOGY4OC0zNDM2M2JjN2M0YzAiOnsiY3JlYXRlIjo2MDAwMDAwMDAwMDAsImRlbGV0ZSI6NjAwMDAwMDAwMDAwLCJ1cGRhdGUiOjYwMDAwMDAwMDAwMH19",
          "dependencies": [
            "google_container_cluster.primary",
            "kubernetes_namespace.iot"
          ]
        }
      ]
    },
    {
      "mode": "managed",
      "type": "kubernetes_namespace",
      "name": "iot",
      "provider": "provider.kubernetes",
      "instances": [
        {
          "schema_version": 0,
          "attributes": {
            "id": "iot-namespace",
            "metadata": [
              {
                "annotations": {},
                "generate_name": "",
                "generation": 0,
                "labels": {},
                "name": "iot-namespace",
                "resource_version": "17875",
                "self_link": "",
                "uid": "c99a0b28-e312-40c5-98a8-21e9dcf28ea3"
              }
            ],
            "timeouts": null
          },
          "private": "eyJlMmJmYjczMC1lY2FhLTExZTYtOGY4OC0zNDM2M2JjN2M0YzAiOnsiZGVsZXRlIjozMDAwMDAwMDAwMDB9fQ==",
          "dependencies": [
            "google_container_cluster.primary"
          ]
        }
      ]
    },
    {
      "mode": "managed",
      "type": "kubernetes_service",
      "name": "iot_simulator",
      "provider": "provider.kubernetes",
      "instances": [
        {
          "schema_version": 0,
          "attributes": {
            "id": "iot-namespace/iot-simulator-service",
            "load_balancer_ingress": [],
            "metadata": [
              {
                "annotations": {
                  "cloud.google.com/neg": "{\"ingress\":true}"
                },
                "generate_name": "",
                "generation": 0,
                "labels": null,
                "name": "iot-simulator-service",
                "namespace": "iot-namespace",
                "resource_version": "1870210",
                "self_link": "",
                "uid": "0ab480f3-519d-4955-aa1a-a5c77a95cd6d"
              }
            ],
            "spec": [
              {
                "cluster_ip": "10.17.12.140",
                "external_ips": null,
                "external_name": "",
                "external_traffic_policy": "",
                "health_check_node_port": 0,
                "load_balancer_ip": "",
                "load_balancer_source_ranges": null,
                "port": [
                  {
                    "name": "",
                    "node_port": 0,
                    "port": 80,
                    "protocol": "TCP",
                    "target_port": "80"
                  }
                ],
                "publish_not_ready_addresses": false,
                "selector": {
                  "app": "iot-simulator"
                },
                "session_affinity": "None",
                "type": "ClusterIP"
              }
            ],
            "timeouts": null
          },
          "private": "eyJlMmJmYjczMC1lY2FhLTExZTYtOGY4OC0zNDM2M2JjN2M0YzAiOnsiY3JlYXRlIjo2MDAwMDAwMDAwMDB9fQ==",
          "dependencies": [
            "google_container_cluster.primary",
            "kubernetes_namespace.iot"
          ]
        }
      ]
    },
    {
      "mode": "managed",
      "type": "kubernetes_service",
      "name": "kafka",
      "provider": "provider.kubernetes",
      "instances": [
        {
          "schema_version": 0,
          "attributes": {
            "id": "iot-namespace/kafka-service",
            "load_balancer_ingress": [],
            "metadata": [
              {
                "annotations": {
                  "cloud.google.com/neg": "{\"ingress\":true}"
                },
                "generate_name": "",
                "generation": 0,
                "labels": null,
                "name": "kafka-service",
                "namespace": "iot-namespace",
                "resource_version": "1870209",
                "self_link": "",
                "uid": "6aa1d3b3-d99d-4193-8191-667a90d801b2"
              }
            ],
            "spec": [
              {
                "cluster_ip": "10.17.3.100",
                "external_ips": null,
                "external_name": "",
                "external_traffic_policy": "",
                "health_check_node_port": 0,
                "load_balancer_ip": "",
                "load_balancer_source_ranges": null,
                "port": [
                  {
                    "name": "",
                    "node_port": 0,
                    "port": 9092,
                    "protocol": "TCP",
                    "target_port": "9092"
                  }
                ],
                "publish_not_ready_addresses": false,
                "selector": {
                  "app": "kafka"
                },
                "session_affinity": "None",
                "type": "ClusterIP"
              }
            ],
            "timeouts": null
          },
          "private": "eyJlMmJmYjczMC1lY2FhLTExZTYtOGY4OC0zNDM2M2JjN2M0YzAiOnsiY3JlYXRlIjo2MDAwMDAwMDAwMDB9fQ==",
          "dependencies": [
            "google_container_cluster.primary",
            "kubernetes_namespace.iot"
          ]
        }
      ]
    },
    {
      "mode": "managed",
      "type": "kubernetes_service",
      "name": "zookeeper",
      "provider": "provider.kubernetes",
      "instances": [
        {
          "schema_version": 0,
          "attributes": {
            "id": "iot-namespace/zookeeper-service",
            "load_balancer_ingress": [],
            "metadata": [
              {
                "annotations": {
                  "cloud.google.com/neg": "{\"ingress\":true}"
                },
                "generate_name": "",
                "generation": 0,
                "labels": null,
                "name": "zookeeper-service",
                "namespace": "iot-namespace",
                "resource_version": "1870216",
                "self_link": "",
                "uid": "6416c190-dda7-4246-831e-46aa7528b788"
              }
            ],
            "spec": [
              {
                "cluster_ip": "10.17.2.148",
                "external_ips": null,
                "external_name": "",
                "external_traffic_policy": "",
                "health_check_node_port": 0,
                "load_balancer_ip": "",
                "load_balancer_source_ranges": null,
                "port": [
                  {
                    "name": "",
                    "node_port": 0,
                    "port": 2181,
                    "protocol": "TCP",
                    "target_port": "2181"
                  }
                ],
                "publish_not_ready_addresses": false,
                "selector": {
                  "app": "zookeeper"
                },
                "session_affinity": "None",
                "type": "ClusterIP"
              }
            ],
            "timeouts": null
          },
          "private": "eyJlMmJmYjczMC1lY2FhLTExZTYtOGY4OC0zNDM2M2JjN2M0YzAiOnsiY3JlYXRlIjo2MDAwMDAwMDAwMDB9fQ==",
          "dependencies": [
            "google_container_cluster.primary",
            "kubernetes_namespace.iot"
          ]
        }
      ]
    }
  ]
}
